
Microsoft Visual Studio Solution File, Format Version 12.00
# Visual Studio Version 17
VisualStudioVersion = 17.3.32819.101
MinimumVisualStudioVersion = 10.0.40219.1
Project("{9A19103F-16F7-4668-BE54-9A1E7A4F7556}") = "NHLSystemClassLibrary", "NhlSystemClassLibrary\NHLSystemClassLibrary.csproj", "{DAB0600D-462A-4CFD-BEC0-AB011B5226C8}"
EndProject
Project("{9A19103F-16F7-4668-BE54-9A1E7A4F7556}") = "NHLConsoleApp", "NHLConsoleApp\NHLConsoleApp.csproj", "{B5EFE89B-0612-46A3-A5F0-9A7D2476F1FC}"
EndProject
Project("{9A19103F-16F7-4668-BE54-9A1E7A4F7556}") = "NHLSystemTestProject", "NHLSystemTestProject\NHLSystemTestProject.csproj", "{C0A76AB7-CB47-45A0-9672-275E07640548}"
EndProject
Project("{FAE04EC0-301F-11D3-BF4B-00C04F79EFBC}") = "NHLWebApp", "NHLWebApp\NHLWebApp.csproj", "{A86A35A4-5274-4012-8882-52ACE270306E}"
EndProject
Global
	GlobalSection(SolutionConfigurationPlatforms) = preSolution
		Debug|Any CPU = Debug|Any CPU
		Release|Any CPU = Release|Any CPU
	EndGlobalSection
	GlobalSection(ProjectConfigurationPlatforms) = postSolution
		{DAB0600D-462A-4CFD-BEC0-AB011B5226C8}.Debug|Any CPU.ActiveCfg = Debug|Any CPU
		{DAB0600D-462A-4CFD-BEC0-AB011B5226C8}.Debug|Any CPU.Build.0 = Debug|Any CPU
		{DAB0600D-462A-4CFD-BEC0-AB011B5226C8}.Release|Any CPU.ActiveCfg = Release|Any CPU
		{DAB0600D-462A-4CFD-BEC0-AB011B5226C8}.Release|Any CPU.Build.0 = Release|Any CPU
		{B5EFE89B-0612-46A3-A5F0-9A7D2476F1FC}.Debug|Any CPU.ActiveCfg = Debug|Any CPU
		{B5EFE89B-0612-46A3-A5F0-9A7D2476F1FC}.Debug|Any CPU.Build.0 = Debug|Any CPU
		{B5EFE89B-0612-46A3-A5F0-9A7D2476F1FC}.Release|Any CPU.ActiveCfg = Release|Any CPU
		{B5EFE89B-0612-46A3-A5F0-9A7D2476F1FC}.Release|Any CPU.Build.0 = Release|Any CPU
		{C0A76AB7-CB47-45A0-9672-275E07640548}.Debug|Any CPU.ActiveCfg = Debug|Any CPU
		{C0A76AB7-CB47-45A0-9672-275E07640548}.Debug|Any CPU.Build.0 = Debug|Any CPU
		{C0A76AB7-CB47-45A0-9672-275E07640548}.Release|Any CPU.ActiveCfg = Release|Any CPU
		{C0A76AB7-CB47-45A0-9672-275E07640548}.Release|Any CPU.Build.0 = Release|Any CPU
		{A86A35A4-5274-4012-8882-52ACE270306E}.Debug|Any CPU.ActiveCfg = Debug|Any CPU
		{A86A35A4-5274-4012-8882-52ACE270306E}.Debug|Any CPU.Build.0 = Debug|Any CPU
		{A86A35A4-5274-4012-8882-52ACE270306E}.Release|Any CPU.ActiveCfg = Release|Any CPU
		{A86A35A4-5274-4012-8882-52ACE270306E}.Release|Any CPU.Build.0 = Release|Any CPU
	EndGlobalSection
	GlobalSection(SolutionProperties) = preSolution
		HideSolutionNode = FALSE
	EndGlobalSection
	GlobalSection(ExtensibilityGlobals) = postSolution
		SolutionGuid = {08C2B20B-A131-4C6C-8DB3-574F703B2335}
	EndGlobalSection
EndGlobal
