
Microsoft Visual Studio Solution File, Format Version 12.00
# Visual Studio Version 17
VisualStudioVersion = 17.3.32819.101
MinimumVisualStudioVersion = 10.0.40219.1
Project("{FAE04EC0-301F-11D3-BF4B-00C04F79EFBC}") = "NhlSystemClassLibrary", "NhlSystemClassLibrary\NhlSystemClassLibrary.csproj", "{DAB0600D-462A-4CFD-BEC0-AB011B5226C8}"
EndProject
Global
	GlobalSection(SolutionConfigurationPlatforms) = preSolution
		Debug|Any CPU = Debug|Any CPU
		Release|Any CPU = Release|Any CPU
	EndGlobalSection
	GlobalSection(ProjectConfigurationPlatforms) = postSolution
		{DAB0600D-462A-4CFD-BEC0-AB011B5226C8}.Debug|Any CPU.ActiveCfg = Debug|Any CPU
		{DAB0600D-462A-4CFD-BEC0-AB011B5226C8}.Debug|Any CPU.Build.0 = Debug|Any CPU
		{DAB0600D-462A-4CFD-BEC0-AB011B5226C8}.Release|Any CPU.ActiveCfg = Release|Any CPU
		{DAB0600D-462A-4CFD-BEC0-AB011B5226C8}.Release|Any CPU.Build.0 = Release|Any CPU
	EndGlobalSection
	GlobalSection(SolutionProperties) = preSolution
		HideSolutionNode = FALSE
	EndGlobalSection
	GlobalSection(ExtensibilityGlobals) = postSolution
		SolutionGuid = {08C2B20B-A131-4C6C-8DB3-574F703B2335}
	EndGlobalSection
EndGlobal
